
Microsoft Visual Studio Solution File, Format Version 12.00
# Visual Studio Version 17
VisualStudioVersion = 17.12.35527.113
MinimumVisualStudioVersion = 10.0.40219.1
Project("{FAE04EC0-301F-11D3-BF4B-00C04F79EFBC}") = "TaskManager", "TaskManager\TaskManager.csproj", "{07DE5DCE-E267-46A6-BBD4-1433DAB4B4CD}"
EndProject
Project("{FAE04EC0-301F-11D3-BF4B-00C04F79EFBC}") = "TaskManager.AppHost", "TaskManager.AppHost\TaskManager.AppHost.csproj", "{DBE4907E-E0FA-43FF-ADBA-899386141A25}"
EndProject
Project("{FAE04EC0-301F-11D3-BF4B-00C04F79EFBC}") = "TaskManager.ServiceDefaults", "TaskManager.ServiceDefaults\TaskManager.ServiceDefaults.csproj", "{4A8EB9BD-0372-4A0F-9EF5-034AC0A0595D}"
EndProject
Project("{FAE04EC0-301F-11D3-BF4B-00C04F79EFBC}") = "Entities", "Entities\Entities.csproj", "{8B7FA4DC-ECB7-4521-9651-E026E1E6AC46}"
EndProject
Project("{FAE04EC0-301F-11D3-BF4B-00C04F79EFBC}") = "TaskManager.MigrationService", "TaskManager.MigrationService\TaskManager.MigrationService.csproj", "{F515729D-840F-44E2-A0E4-E42124ED64B4}"
EndProject
Project("{2150E333-8FDC-42A3-9474-1A3956D46DE8}") = "Solution Items", "Solution Items", "{E99761EA-E087-4763-A020-F0BC6ED68F71}"
	ProjectSection(SolutionItems) = preProject
		.editorconfig = .editorconfig
	EndProjectSection
EndProject
Project("{FAE04EC0-301F-11D3-BF4B-00C04F79EFBC}") = "TaskManager.OverDueTasksWorker", "TaskManager.OverDueTasksWorker\TaskManager.OverDueTasksWorker.csproj", "{E7F900C5-4C6E-4D46-B7B7-B04DD8F3090F}"
EndProject
Project("{FAE04EC0-301F-11D3-BF4B-00C04F79EFBC}") = "TaskManager.Tests", "TaskManager.Tests\TaskManager.Tests.csproj", "{BD9AA781-A639-4F21-B495-C2C6AA8DBDBE}"
EndProject
Global
	GlobalSection(SolutionConfigurationPlatforms) = preSolution
		Debug|Any CPU = Debug|Any CPU
		Release|Any CPU = Release|Any CPU
	EndGlobalSection
	GlobalSection(ProjectConfigurationPlatforms) = postSolution
		{07DE5DCE-E267-46A6-BBD4-1433DAB4B4CD}.Debug|Any CPU.ActiveCfg = Debug|Any CPU
		{07DE5DCE-E267-46A6-BBD4-1433DAB4B4CD}.Debug|Any CPU.Build.0 = Debug|Any CPU
		{07DE5DCE-E267-46A6-BBD4-1433DAB4B4CD}.Release|Any CPU.ActiveCfg = Release|Any CPU
		{07DE5DCE-E267-46A6-BBD4-1433DAB4B4CD}.Release|Any CPU.Build.0 = Release|Any CPU
		{DBE4907E-E0FA-43FF-ADBA-899386141A25}.Debug|Any CPU.ActiveCfg = Debug|Any CPU
		{DBE4907E-E0FA-43FF-ADBA-899386141A25}.Debug|Any CPU.Build.0 = Debug|Any CPU
		{DBE4907E-E0FA-43FF-ADBA-899386141A25}.Release|Any CPU.ActiveCfg = Release|Any CPU
		{DBE4907E-E0FA-43FF-ADBA-899386141A25}.Release|Any CPU.Build.0 = Release|Any CPU
		{4A8EB9BD-0372-4A0F-9EF5-034AC0A0595D}.Debug|Any CPU.ActiveCfg = Debug|Any CPU
		{4A8EB9BD-0372-4A0F-9EF5-034AC0A0595D}.Debug|Any CPU.Build.0 = Debug|Any CPU
		{4A8EB9BD-0372-4A0F-9EF5-034AC0A0595D}.Release|Any CPU.ActiveCfg = Release|Any CPU
		{4A8EB9BD-0372-4A0F-9EF5-034AC0A0595D}.Release|Any CPU.Build.0 = Release|Any CPU
		{8B7FA4DC-ECB7-4521-9651-E026E1E6AC46}.Debug|Any CPU.ActiveCfg = Debug|Any CPU
		{8B7FA4DC-ECB7-4521-9651-E026E1E6AC46}.Debug|Any CPU.Build.0 = Debug|Any CPU
		{8B7FA4DC-ECB7-4521-9651-E026E1E6AC46}.Release|Any CPU.ActiveCfg = Release|Any CPU
		{8B7FA4DC-ECB7-4521-9651-E026E1E6AC46}.Release|Any CPU.Build.0 = Release|Any CPU
		{F515729D-840F-44E2-A0E4-E42124ED64B4}.Debug|Any CPU.ActiveCfg = Debug|Any CPU
		{F515729D-840F-44E2-A0E4-E42124ED64B4}.Debug|Any CPU.Build.0 = Debug|Any CPU
		{F515729D-840F-44E2-A0E4-E42124ED64B4}.Release|Any CPU.ActiveCfg = Release|Any CPU
		{F515729D-840F-44E2-A0E4-E42124ED64B4}.Release|Any CPU.Build.0 = Release|Any CPU
		{E7F900C5-4C6E-4D46-B7B7-B04DD8F3090F}.Debug|Any CPU.ActiveCfg = Debug|Any CPU
		{E7F900C5-4C6E-4D46-B7B7-B04DD8F3090F}.Debug|Any CPU.Build.0 = Debug|Any CPU
		{E7F900C5-4C6E-4D46-B7B7-B04DD8F3090F}.Release|Any CPU.ActiveCfg = Release|Any CPU
		{E7F900C5-4C6E-4D46-B7B7-B04DD8F3090F}.Release|Any CPU.Build.0 = Release|Any CPU
		{BD9AA781-A639-4F21-B495-C2C6AA8DBDBE}.Debug|Any CPU.ActiveCfg = Debug|Any CPU
		{BD9AA781-A639-4F21-B495-C2C6AA8DBDBE}.Debug|Any CPU.Build.0 = Debug|Any CPU
		{BD9AA781-A639-4F21-B495-C2C6AA8DBDBE}.Release|Any CPU.ActiveCfg = Release|Any CPU
		{BD9AA781-A639-4F21-B495-C2C6AA8DBDBE}.Release|Any CPU.Build.0 = Release|Any CPU
	EndGlobalSection
	GlobalSection(SolutionProperties) = preSolution
		HideSolutionNode = FALSE
	EndGlobalSection
EndGlobal
